
Microsoft Visual Studio Solution File, Format Version 12.00
# Visual Studio Version 16
VisualStudioVersion = 16.0.31112.23
MinimumVisualStudioVersion = 10.0.40219.1
Project("{FAE04EC0-301F-11D3-BF4B-00C04F79EFBC}") = "HttpClientDemo", "HttpClientDemo\HttpClientDemo.csproj", "{AAC7D24C-05F7-4FD6-B26E-67321A20BF37}"
EndProject
Global
	GlobalSection(SolutionConfigurationPlatforms) = preSolution
		Debug|Any CPU = Debug|Any CPU
		Release|Any CPU = Release|Any CPU
	EndGlobalSection
	GlobalSection(ProjectConfigurationPlatforms) = postSolution
		{AAC7D24C-05F7-4FD6-B26E-67321A20BF37}.Debug|Any CPU.ActiveCfg = Debug|Any CPU
		{AAC7D24C-05F7-4FD6-B26E-67321A20BF37}.Debug|Any CPU.Build.0 = Debug|Any CPU
		{AAC7D24C-05F7-4FD6-B26E-67321A20BF37}.Release|Any CPU.ActiveCfg = Release|Any CPU
		{AAC7D24C-05F7-4FD6-B26E-67321A20BF37}.Release|Any CPU.Build.0 = Release|Any CPU
	EndGlobalSection
	GlobalSection(SolutionProperties) = preSolution
		HideSolutionNode = FALSE
	EndGlobalSection
	GlobalSection(ExtensibilityGlobals) = postSolution
		SolutionGuid = {5C255E37-0A33-4FC6-AE54-F09CBC801B84}
	EndGlobalSection
EndGlobal
